// !$*UTF8*$!
{
	archiveVersion = 1;
	classes = {
	};
	objectVersion = 46;
	objects = {

/* Begin PBXBuildFile section */
		4A38768317BBEB1300F95ECA /* UIKit.framework in Frameworks */ = {isa = PBXBuildFile; fileRef = 4A38768217BBEB1300F95ECA /* UIKit.framework */; };
		4A38768517BBEB1300F95ECA /* Foundation.framework in Frameworks */ = {isa = PBXBuildFile; fileRef = 4A38768417BBEB1300F95ECA /* Foundation.framework */; };
		4A38768717BBEB1300F95ECA /* CoreGraphics.framework in Frameworks */ = {isa = PBXBuildFile; fileRef = 4A38768617BBEB1300F95ECA /* CoreGraphics.framework */; };
		4A38768D17BBEB1300F95ECA /* InfoPlist.strings in Resources */ = {isa = PBXBuildFile; fileRef = 4A38768B17BBEB1300F95ECA /* InfoPlist.strings */; };
		4A38768F17BBEB1300F95ECA /* main.m in Sources */ = {isa = PBXBuildFile; fileRef = 4A38768E17BBEB1300F95ECA /* main.m */; };
		4A38769317BBEB1300F95ECA /* AppDelegate.m in Sources */ = {isa = PBXBuildFile; fileRef = 4A38769217BBEB1300F95ECA /* AppDelegate.m */; };
		4A38769517BBEB1300F95ECA /* Default.png in Resources */ = {isa = PBXBuildFile; fileRef = 4A38769417BBEB1300F95ECA /* Default.png */; };
		4A38769717BBEB1300F95ECA /* Default@2x.png in Resources */ = {isa = PBXBuildFile; fileRef = 4A38769617BBEB1300F95ECA /* Default@2x.png */; };
		4A38769917BBEB1300F95ECA /* Default-568h@2x.png in Resources */ = {isa = PBXBuildFile; fileRef = 4A38769817BBEB1300F95ECA /* Default-568h@2x.png */; };
		4A38769C17BBEB1300F95ECA /* MainStoryboard.storyboard in Resources */ = {isa = PBXBuildFile; fileRef = 4A38769A17BBEB1300F95ECA /* MainStoryboard.storyboard */; };
		4A38769F17BBEB1300F95ECA /* ViewController.m in Sources */ = {isa = PBXBuildFile; fileRef = 4A38769E17BBEB1300F95ECA /* ViewController.m */; };
		4A3876AB17BC00B700F95ECA /* Movie.m in Sources */ = {isa = PBXBuildFile; fileRef = 4A3876AA17BC00B700F95ECA /* Movie.m */; };
		4A3876AE17BC444300F95ECA /* pfCustomCell.m in Sources */ = {isa = PBXBuildFile; fileRef = 4A3876AD17BC444300F95ECA /* pfCustomCell.m */; };
		4A3876B017BC447800F95ECA /* QuartzCore.framework in Frameworks */ = {isa = PBXBuildFile; fileRef = 4A3876AF17BC447800F95ECA /* QuartzCore.framework */; };
		4A3876B317BC7D7200F95ECA /* icon.png in Resources */ = {isa = PBXBuildFile; fileRef = 4A3876B117BC7D7200F95ECA /* icon.png */; };
		4A3876B417BC7D7200F95ECA /* icon@2x.png in Resources */ = {isa = PBXBuildFile; fileRef = 4A3876B217BC7D7200F95ECA /* icon@2x.png */; };
		4FC5AD8417C2838000E3E55D /* pfDetailViewController.m in Sources */ = {isa = PBXBuildFile; fileRef = 4FC5AD8317C2838000E3E55D /* pfDetailViewController.m */; };
		CFFD3C6217C269FE00B4A888 /* DetailedShakeView.m in Sources */ = {isa = PBXBuildFile; fileRef = CFFD3C6117C269FE00B4A888 /* DetailedShakeView.m */; };
		CFFD3C6417C2770200B4A888 /* OriginalNameIsDetailedShakeView.xib in Resources */ = {isa = PBXBuildFile; fileRef = CFFD3C6317C2770200B4A888 /* OriginalNameIsDetailedShakeView.xib */; };
/* End PBXBuildFile section */

/* Begin PBXFileReference section */
		4A38767F17BBEB1300F95ECA /* PikFlick.app */ = {isa = PBXFileReference; explicitFileType = wrapper.application; includeInIndex = 0; path = PikFlick.app; sourceTree = BUILT_PRODUCTS_DIR; };
		4A38768217BBEB1300F95ECA /* UIKit.framework */ = {isa = PBXFileReference; lastKnownFileType = wrapper.framework; name = UIKit.framework; path = System/Library/Frameworks/UIKit.framework; sourceTree = SDKROOT; };
		4A38768417BBEB1300F95ECA /* Foundation.framework */ = {isa = PBXFileReference; lastKnownFileType = wrapper.framework; name = Foundation.framework; path = System/Library/Frameworks/Foundation.framework; sourceTree = SDKROOT; };
		4A38768617BBEB1300F95ECA /* CoreGraphics.framework */ = {isa = PBXFileReference; lastKnownFileType = wrapper.framework; name = CoreGraphics.framework; path = System/Library/Frameworks/CoreGraphics.framework; sourceTree = SDKROOT; };
		4A38768A17BBEB1300F95ECA /* PikFlick-Info.plist */ = {isa = PBXFileReference; lastKnownFileType = text.plist.xml; path = "PikFlick-Info.plist"; sourceTree = "<group>"; };
		4A38768C17BBEB1300F95ECA /* en */ = {isa = PBXFileReference; lastKnownFileType = text.plist.strings; name = en; path = en.lproj/InfoPlist.strings; sourceTree = "<group>"; };
		4A38768E17BBEB1300F95ECA /* main.m */ = {isa = PBXFileReference; lastKnownFileType = sourcecode.c.objc; path = main.m; sourceTree = "<group>"; };
		4A38769017BBEB1300F95ECA /* PikFlick-Prefix.pch */ = {isa = PBXFileReference; lastKnownFileType = sourcecode.c.h; path = "PikFlick-Prefix.pch"; sourceTree = "<group>"; };
		4A38769117BBEB1300F95ECA /* AppDelegate.h */ = {isa = PBXFileReference; lastKnownFileType = sourcecode.c.h; path = AppDelegate.h; sourceTree = "<group>"; };
		4A38769217BBEB1300F95ECA /* AppDelegate.m */ = {isa = PBXFileReference; lastKnownFileType = sourcecode.c.objc; path = AppDelegate.m; sourceTree = "<group>"; };
		4A38769417BBEB1300F95ECA /* Default.png */ = {isa = PBXFileReference; lastKnownFileType = image.png; path = Default.png; sourceTree = "<group>"; };
		4A38769617BBEB1300F95ECA /* Default@2x.png */ = {isa = PBXFileReference; lastKnownFileType = image.png; path = "Default@2x.png"; sourceTree = "<group>"; };
		4A38769817BBEB1300F95ECA /* Default-568h@2x.png */ = {isa = PBXFileReference; lastKnownFileType = image.png; path = "Default-568h@2x.png"; sourceTree = "<group>"; };
		4A38769B17BBEB1300F95ECA /* en */ = {isa = PBXFileReference; lastKnownFileType = file.storyboard; name = en; path = en.lproj/MainStoryboard.storyboard; sourceTree = "<group>"; };
		4A38769D17BBEB1300F95ECA /* ViewController.h */ = {isa = PBXFileReference; lastKnownFileType = sourcecode.c.h; path = ViewController.h; sourceTree = "<group>"; };
		4A38769E17BBEB1300F95ECA /* ViewController.m */ = {isa = PBXFileReference; lastKnownFileType = sourcecode.c.objc; path = ViewController.m; sourceTree = "<group>"; };
		4A3876A917BC00B700F95ECA /* Movie.h */ = {isa = PBXFileReference; fileEncoding = 4; lastKnownFileType = sourcecode.c.h; path = Movie.h; sourceTree = "<group>"; };
		4A3876AA17BC00B700F95ECA /* Movie.m */ = {isa = PBXFileReference; fileEncoding = 4; lastKnownFileType = sourcecode.c.objc; path = Movie.m; sourceTree = "<group>"; };
		4A3876AC17BC444300F95ECA /* pfCustomCell.h */ = {isa = PBXFileReference; fileEncoding = 4; lastKnownFileType = sourcecode.c.h; path = pfCustomCell.h; sourceTree = "<group>"; };
		4A3876AD17BC444300F95ECA /* pfCustomCell.m */ = {isa = PBXFileReference; fileEncoding = 4; lastKnownFileType = sourcecode.c.objc; path = pfCustomCell.m; sourceTree = "<group>"; };
		4A3876AF17BC447800F95ECA /* QuartzCore.framework */ = {isa = PBXFileReference; lastKnownFileType = wrapper.framework; name = QuartzCore.framework; path = System/Library/Frameworks/QuartzCore.framework; sourceTree = SDKROOT; };
		4A3876B117BC7D7200F95ECA /* icon.png */ = {isa = PBXFileReference; lastKnownFileType = image.png; path = icon.png; sourceTree = "<group>"; };
		4A3876B217BC7D7200F95ECA /* icon@2x.png */ = {isa = PBXFileReference; lastKnownFileType = image.png; path = "icon@2x.png"; sourceTree = "<group>"; };
		4A66264817BDA96000F31785 /* pfDeleteMovieDelegate.h */ = {isa = PBXFileReference; lastKnownFileType = sourcecode.c.h; path = pfDeleteMovieDelegate.h; sourceTree = "<group>"; };
		4FC5AD8217C2838000E3E55D /* pfDetailViewController.h */ = {isa = PBXFileReference; fileEncoding = 4; lastKnownFileType = sourcecode.c.h; path = pfDetailViewController.h; sourceTree = "<group>"; };
		4FC5AD8317C2838000E3E55D /* pfDetailViewController.m */ = {isa = PBXFileReference; fileEncoding = 4; lastKnownFileType = sourcecode.c.objc; path = pfDetailViewController.m; sourceTree = "<group>"; };
		CFFD3C6017C269FE00B4A888 /* DetailedShakeView.h */ = {isa = PBXFileReference; fileEncoding = 4; lastKnownFileType = sourcecode.c.h; path = DetailedShakeView.h; sourceTree = "<group>"; };
		CFFD3C6117C269FE00B4A888 /* DetailedShakeView.m */ = {isa = PBXFileReference; fileEncoding = 4; lastKnownFileType = sourcecode.c.objc; path = DetailedShakeView.m; sourceTree = "<group>"; };
		CFFD3C6317C2770200B4A888 /* OriginalNameIsDetailedShakeView.xib */ = {isa = PBXFileReference; fileEncoding = 4; lastKnownFileType = file.xib; path = OriginalNameIsDetailedShakeView.xib; sourceTree = "<group>"; };
/* End PBXFileReference section */

/* Begin PBXFrameworksBuildPhase section */
		4A38767C17BBEB1300F95ECA /* Frameworks */ = {
			isa = PBXFrameworksBuildPhase;
			buildActionMask = 2147483647;
			files = (
				4A3876B017BC447800F95ECA /* QuartzCore.framework in Frameworks */,
				4A38768317BBEB1300F95ECA /* UIKit.framework in Frameworks */,
				4A38768517BBEB1300F95ECA /* Foundation.framework in Frameworks */,
				4A38768717BBEB1300F95ECA /* CoreGraphics.framework in Frameworks */,
			);
			runOnlyForDeploymentPostprocessing = 0;
		};
/* End PBXFrameworksBuildPhase section */

/* Begin PBXGroup section */
		4A38767617BBEB1300F95ECA = {
			isa = PBXGroup;
			children = (
				4A38768817BBEB1300F95ECA /* PikFlick */,
				4A38768117BBEB1300F95ECA /* Frameworks */,
				4A38768017BBEB1300F95ECA /* Products */,
			);
			sourceTree = "<group>";
		};
		4A38768017BBEB1300F95ECA /* Products */ = {
			isa = PBXGroup;
			children = (
				4A38767F17BBEB1300F95ECA /* PikFlick.app */,
			);
			name = Products;
			sourceTree = "<group>";
		};
		4A38768117BBEB1300F95ECA /* Frameworks */ = {
			isa = PBXGroup;
			children = (
				4A38768617BBEB1300F95ECA /* CoreGraphics.framework */,
				4A38768417BBEB1300F95ECA /* Foundation.framework */,
				4A3876AF17BC447800F95ECA /* QuartzCore.framework */,
				4A38768217BBEB1300F95ECA /* UIKit.framework */,
			);
			name = Frameworks;
			sourceTree = "<group>";
		};
		4A38768817BBEB1300F95ECA /* PikFlick */ = {
			isa = PBXGroup;
			children = (
				4A66264917BDAA2500F31785 /* Delegates */,
				4A38771717BDA4D700F95ECA /* Classes */,
				4A38769117BBEB1300F95ECA /* AppDelegate.h */,
				4A38769217BBEB1300F95ECA /* AppDelegate.m */,
				4A38769A17BBEB1300F95ECA /* MainStoryboard.storyboard */,
				4A38771817BDA4E800F95ECA /* Controllers */,
				4A38768917BBEB1300F95ECA /* Supporting Files */,
			);
			path = PikFlick;
			sourceTree = "<group>";
		};
		4A38768917BBEB1300F95ECA /* Supporting Files */ = {
			isa = PBXGroup;
			children = (
				4A3876B117BC7D7200F95ECA /* icon.png */,
				4A3876B217BC7D7200F95ECA /* icon@2x.png */,
				4A38768A17BBEB1300F95ECA /* PikFlick-Info.plist */,
				4A38768B17BBEB1300F95ECA /* InfoPlist.strings */,
				4A38768E17BBEB1300F95ECA /* main.m */,
				4A38769017BBEB1300F95ECA /* PikFlick-Prefix.pch */,
				4A38769417BBEB1300F95ECA /* Default.png */,
				4A38769617BBEB1300F95ECA /* Default@2x.png */,
				4A38769817BBEB1300F95ECA /* Default-568h@2x.png */,
			);
			name = "Supporting Files";
			sourceTree = "<group>";
		};
		4A38771717BDA4D700F95ECA /* Classes */ = {
			isa = PBXGroup;
			children = (
				4A3876A917BC00B700F95ECA /* Movie.h */,
				4A3876AA17BC00B700F95ECA /* Movie.m */,
				CFFD3C6017C269FE00B4A888 /* DetailedShakeView.h */,
				CFFD3C6117C269FE00B4A888 /* DetailedShakeView.m */,
				CFFD3C6317C2770200B4A888 /* OriginalNameIsDetailedShakeView.xib */,
			);
			name = Classes;
			sourceTree = "<group>";
		};
		4A38771817BDA4E800F95ECA /* Controllers */ = {
			isa = PBXGroup;
			children = (
				4A38769D17BBEB1300F95ECA /* ViewController.h */,
				4A38769E17BBEB1300F95ECA /* ViewController.m */,
				4FC5AD8217C2838000E3E55D /* pfDetailViewController.h */,
				4FC5AD8317C2838000E3E55D /* pfDetailViewController.m */,
				4A3876AC17BC444300F95ECA /* pfCustomCell.h */,
				4A3876AD17BC444300F95ECA /* pfCustomCell.m */,
			);
			name = Controllers;
			sourceTree = "<group>";
		};
		4A66264917BDAA2500F31785 /* Delegates */ = {
			isa = PBXGroup;
			children = (
				4A66264817BDA96000F31785 /* pfDeleteMovieDelegate.h */,
			);
			name = Delegates;
			sourceTree = "<group>";
		};
/* End PBXGroup section */

/* Begin PBXNativeTarget section */
		4A38767E17BBEB1300F95ECA /* PikFlick */ = {
			isa = PBXNativeTarget;
			buildConfigurationList = 4A3876A217BBEB1300F95ECA /* Build configuration list for PBXNativeTarget "PikFlick" */;
			buildPhases = (
				4A38767B17BBEB1300F95ECA /* Sources */,
				4A38767C17BBEB1300F95ECA /* Frameworks */,
				4A38767D17BBEB1300F95ECA /* Resources */,
			);
			buildRules = (
			);
			dependencies = (
			);
			name = PikFlick;
			productName = PikFlick;
			productReference = 4A38767F17BBEB1300F95ECA /* PikFlick.app */;
			productType = "com.apple.product-type.application";
		};
/* End PBXNativeTarget section */

/* Begin PBXProject section */
		4A38767717BBEB1300F95ECA /* Project object */ = {
			isa = PBXProject;
			attributes = {
				LastUpgradeCheck = 0460;
				ORGANIZATIONNAME = "Brad Woodard";
			};
			buildConfigurationList = 4A38767A17BBEB1300F95ECA /* Build configuration list for PBXProject "PikFlick" */;
			compatibilityVersion = "Xcode 3.2";
			developmentRegion = English;
			hasScannedForEncodings = 0;
			knownRegions = (
				en,
			);
			mainGroup = 4A38767617BBEB1300F95ECA;
			productRefGroup = 4A38768017BBEB1300F95ECA /* Products */;
			projectDirPath = "";
			projectRoot = "";
			targets = (
				4A38767E17BBEB1300F95ECA /* PikFlick */,
			);
		};
/* End PBXProject section */

/* Begin PBXResourcesBuildPhase section */
		4A38767D17BBEB1300F95ECA /* Resources */ = {
			isa = PBXResourcesBuildPhase;
			buildActionMask = 2147483647;
			files = (
				4A38768D17BBEB1300F95ECA /* InfoPlist.strings in Resources */,
				4A38769517BBEB1300F95ECA /* Default.png in Resources */,
				4A38769717BBEB1300F95ECA /* Default@2x.png in Resources */,
				4A38769917BBEB1300F95ECA /* Default-568h@2x.png in Resources */,
				4A38769C17BBEB1300F95ECA /* MainStoryboard.storyboard in Resources */,
				4A3876B317BC7D7200F95ECA /* icon.png in Resources */,
				4A3876B417BC7D7200F95ECA /* icon@2x.png in Resources */,
				CFFD3C6417C2770200B4A888 /* OriginalNameIsDetailedShakeView.xib in Resources */,
			);
			runOnlyForDeploymentPostprocessing = 0;
		};
/* End PBXResourcesBuildPhase section */

/* Begin PBXSourcesBuildPhase section */
		4A38767B17BBEB1300F95ECA /* Sources */ = {
			isa = PBXSourcesBuildPhase;
			buildActionMask = 2147483647;
			files = (
				4A38768F17BBEB1300F95ECA /* main.m in Sources */,
				4A38769317BBEB1300F95ECA /* AppDelegate.m in Sources */,
				4A38769F17BBEB1300F95ECA /* ViewController.m in Sources */,
				4A3876AB17BC00B700F95ECA /* Movie.m in Sources */,
				4A3876AE17BC444300F95ECA /* pfCustomCell.m in Sources */,
				CFFD3C6217C269FE00B4A888 /* DetailedShakeView.m in Sources */,
				4FC5AD8417C2838000E3E55D /* pfDetailViewController.m in Sources */,
			);
			runOnlyForDeploymentPostprocessing = 0;
		};
/* End PBXSourcesBuildPhase section */

/* Begin PBXVariantGroup section */
		4A38768B17BBEB1300F95ECA /* InfoPlist.strings */ = {
			isa = PBXVariantGroup;
			children = (
				4A38768C17BBEB1300F95ECA /* en */,
			);
			name = InfoPlist.strings;
			sourceTree = "<group>";
		};
		4A38769A17BBEB1300F95ECA /* MainStoryboard.storyboard */ = {
			isa = PBXVariantGroup;
			children = (
				4A38769B17BBEB1300F95ECA /* en */,
			);
			name = MainStoryboard.storyboard;
			sourceTree = "<group>";
		};
/* End PBXVariantGroup section */

/* Begin XCBuildConfiguration section */
		4A3876A017BBEB1300F95ECA /* Debug */ = {
			isa = XCBuildConfiguration;
			buildSettings = {
				ALWAYS_SEARCH_USER_PATHS = NO;
				CLANG_CXX_LANGUAGE_STANDARD = "gnu++0x";
				CLANG_CXX_LIBRARY = "libc++";
				CLANG_ENABLE_OBJC_ARC = YES;
				CLANG_WARN_CONSTANT_CONVERSION = YES;
				CLANG_WARN_EMPTY_BODY = YES;
				CLANG_WARN_ENUM_CONVERSION = YES;
				CLANG_WARN_INT_CONVERSION = YES;
				CLANG_WARN__DUPLICATE_METHOD_MATCH = YES;
				"CODE_SIGN_IDENTITY[sdk=iphoneos*]" = "iPhone Developer";
				COPY_PHASE_STRIP = NO;
				GCC_C_LANGUAGE_STANDARD = gnu99;
				GCC_DYNAMIC_NO_PIC = NO;
				GCC_OPTIMIZATION_LEVEL = 0;
				GCC_PREPROCESSOR_DEFINITIONS = (
					"DEBUG=1",
					"$(inherited)",
				);
				GCC_SYMBOLS_PRIVATE_EXTERN = NO;
				GCC_WARN_ABOUT_RETURN_TYPE = YES;
				GCC_WARN_UNINITIALIZED_AUTOS = YES;
				GCC_WARN_UNUSED_VARIABLE = YES;
				IPHONEOS_DEPLOYMENT_TARGET = 6.1;
				ONLY_ACTIVE_ARCH = YES;
				SDKROOT = iphoneos;
			};
			name = Debug;
		};
		4A3876A117BBEB1300F95ECA /* Release */ = {
			isa = XCBuildConfiguration;
			buildSettings = {
				ALWAYS_SEARCH_USER_PATHS = NO;
				CLANG_CXX_LANGUAGE_STANDARD = "gnu++0x";
				CLANG_CXX_LIBRARY = "libc++";
				CLANG_ENABLE_OBJC_ARC = YES;
				CLANG_WARN_CONSTANT_CONVERSION = YES;
				CLANG_WARN_EMPTY_BODY = YES;
				CLANG_WARN_ENUM_CONVERSION = YES;
				CLANG_WARN_INT_CONVERSION = YES;
				CLANG_WARN__DUPLICATE_METHOD_MATCH = YES;
				"CODE_SIGN_IDENTITY[sdk=iphoneos*]" = "iPhone Developer";
				COPY_PHASE_STRIP = YES;
				GCC_C_LANGUAGE_STANDARD = gnu99;
				GCC_WARN_ABOUT_RETURN_TYPE = YES;
				GCC_WARN_UNINITIALIZED_AUTOS = YES;
				GCC_WARN_UNUSED_VARIABLE = YES;
				IPHONEOS_DEPLOYMENT_TARGET = 6.1;
				OTHER_CFLAGS = "-DNS_BLOCK_ASSERTIONS=1";
				SDKROOT = iphoneos;
				VALIDATE_PRODUCT = YES;
			};
			name = Release;
		};
		4A3876A317BBEB1300F95ECA /* Debug */ = {
			isa = XCBuildConfiguration;
			buildSettings = {
				GCC_PRECOMPILE_PREFIX_HEADER = YES;
				GCC_PREFIX_HEADER = "PikFlick/PikFlick-Prefix.pch";
				INFOPLIST_FILE = "PikFlick/PikFlick-Info.plist";
				PRODUCT_NAME = "$(TARGET_NAME)";
				WRAPPER_EXTENSION = app;
			};
			name = Debug;
		};
		4A3876A417BBEB1300F95ECA /* Release */ = {
			isa = XCBuildConfiguration;
			buildSettings = {
				GCC_PRECOMPILE_PREFIX_HEADER = YES;
				GCC_PREFIX_HEADER = "PikFlick/PikFlick-Prefix.pch";
				INFOPLIST_FILE = "PikFlick/PikFlick-Info.plist";
				PRODUCT_NAME = "$(TARGET_NAME)";
				WRAPPER_EXTENSION = app;
			};
			name = Release;
		};
/* End XCBuildConfiguration section */

/* Begin XCConfigurationList section */
		4A38767A17BBEB1300F95ECA /* Build configuration list for PBXProject "PikFlick" */ = {
			isa = XCConfigurationList;
			buildConfigurations = (
				4A3876A017BBEB1300F95ECA /* Debug */,
				4A3876A117BBEB1300F95ECA /* Release */,
			);
			defaultConfigurationIsVisible = 0;
			defaultConfigurationName = Release;
		};
		4A3876A217BBEB1300F95ECA /* Build configuration list for PBXNativeTarget "PikFlick" */ = {
			isa = XCConfigurationList;
			buildConfigurations = (
				4A3876A317BBEB1300F95ECA /* Debug */,
				4A3876A417BBEB1300F95ECA /* Release */,
			);
			defaultConfigurationIsVisible = 0;
			defaultConfigurationName = Release;
		};
/* End XCConfigurationList section */
	};
	rootObject = 4A38767717BBEB1300F95ECA /* Project object */;
}
