// !$*UTF8*$!
{
	archiveVersion = 1;
	classes = {
	};
	objectVersion = 46;
	objects = {

/* Begin PBXBuildFile section */
		4A38768317BBEB1300F95ECA /* UIKit.framework in Frameworks */ = {isa = PBXBuildFile; fileRef = 4A38768217BBEB1300F95ECA /* UIKit.framework */; };
		4A38768517BBEB1300F95ECA /* Foundation.framework in Frameworks */ = {isa = PBXBuildFile; fileRef = 4A38768417BBEB1300F95ECA /* Foundation.framework */; };
		4A38768717BBEB1300F95ECA /* CoreGraphics.framework in Frameworks */ = {isa = PBXBuildFile; fileRef = 4A38768617BBEB1300F95ECA /* CoreGraphics.framework */; };
		4A38768D17BBEB1300F95ECA /* InfoPlist.strings in Resources */ = {isa = PBXBuildFile; fileRef = 4A38768B17BBEB1300F95ECA /* InfoPlist.strings */; };
		4A38768F17BBEB1300F95ECA /* main.m in Sources */ = {isa = PBXBuildFile; fileRef = 4A38768E17BBEB1300F95ECA /* main.m */; };
		4A38769317BBEB1300F95ECA /* AppDelegate.m in Sources */ = {isa = PBXBuildFile; fileRef = 4A38769217BBEB1300F95ECA /* AppDelegate.m */; };
		4A38769C17BBEB1300F95ECA /* MainStoryboard.storyboard in Resources */ = {isa = PBXBuildFile; fileRef = 4A38769A17BBEB1300F95ECA /* MainStoryboard.storyboard */; };
		4A38769F17BBEB1300F95ECA /* ViewController.m in Sources */ = {isa = PBXBuildFile; fileRef = 4A38769E17BBEB1300F95ECA /* ViewController.m */; };
		4A3876AB17BC00B700F95ECA /* Movie.m in Sources */ = {isa = PBXBuildFile; fileRef = 4A3876AA17BC00B700F95ECA /* Movie.m */; };
		4A3876AE17BC444300F95ECA /* pfCustomCell.m in Sources */ = {isa = PBXBuildFile; fileRef = 4A3876AD17BC444300F95ECA /* pfCustomCell.m */; };
		4A3876B017BC447800F95ECA /* QuartzCore.framework in Frameworks */ = {isa = PBXBuildFile; fileRef = 4A3876AF17BC447800F95ECA /* QuartzCore.framework */; };
		4A95DD1117CD4EF400774D60 /* Default-568h@2x.png in Resources */ = {isa = PBXBuildFile; fileRef = 4A95DD0A17CD4EF400774D60 /* Default-568h@2x.png */; };
		4A95DD1217CD4EF400774D60 /* Default.png in Resources */ = {isa = PBXBuildFile; fileRef = 4A95DD0B17CD4EF400774D60 /* Default.png */; };
		4A95DD1317CD4EF400774D60 /* Default@2x.png in Resources */ = {isa = PBXBuildFile; fileRef = 4A95DD0C17CD4EF400774D60 /* Default@2x.png */; };
		4A95DD1417CD4EF400774D60 /* icon.png in Resources */ = {isa = PBXBuildFile; fileRef = 4A95DD0D17CD4EF400774D60 /* icon.png */; };
		4A95DD1517CD4EF400774D60 /* icon@2x.png in Resources */ = {isa = PBXBuildFile; fileRef = 4A95DD0E17CD4EF400774D60 /* icon@2x.png */; };
		4A95DD1617CD4EF400774D60 /* pikflick-icons-Appstore.png in Resources */ = {isa = PBXBuildFile; fileRef = 4A95DD0F17CD4EF400774D60 /* pikflick-icons-Appstore.png */; };
		4A95DD1717CD4EF400774D60 /* pikflick-icons-Appstore@2x.png in Resources */ = {isa = PBXBuildFile; fileRef = 4A95DD1017CD4EF400774D60 /* pikflick-icons-Appstore@2x.png */; };
		4A95DD1D17CD5C9C00774D60 /* PikFlick-logo-18.png in Resources */ = {isa = PBXBuildFile; fileRef = 4A95DD1917CD5C9C00774D60 /* PikFlick-logo-18.png */; };
		4A95DD1E17CD5C9C00774D60 /* PikFlick-logo-18@2x.png in Resources */ = {isa = PBXBuildFile; fileRef = 4A95DD1A17CD5C9C00774D60 /* PikFlick-logo-18@2x.png */; };
		4A95DD1F17CD5C9C00774D60 /* PikFlick-logo-19.png in Resources */ = {isa = PBXBuildFile; fileRef = 4A95DD1B17CD5C9C00774D60 /* PikFlick-logo-19.png */; };
		4A95DD2017CD5C9C00774D60 /* PikFlick-logo-19@2x.png in Resources */ = {isa = PBXBuildFile; fileRef = 4A95DD1C17CD5C9C00774D60 /* PikFlick-logo-19@2x.png */; };
		4A95DD2717CD5EFE00774D60 /* PFKNavigationController.m in Sources */ = {isa = PBXBuildFile; fileRef = 4A95DD2617CD5EFE00774D60 /* PFKNavigationController.m */; };
		4A95DD3117CE934B00774D60 /* PFKNavBar.png in Resources */ = {isa = PBXBuildFile; fileRef = 4A95DD2D17CE934B00774D60 /* PFKNavBar.png */; };
		4A95DD3217CE934B00774D60 /* PFKNavBar@2x.png in Resources */ = {isa = PBXBuildFile; fileRef = 4A95DD2E17CE934B00774D60 /* PFKNavBar@2x.png */; };
		4A95DD3317CE934B00774D60 /* PFKSettings.png in Resources */ = {isa = PBXBuildFile; fileRef = 4A95DD2F17CE934B00774D60 /* PFKSettings.png */; };
		4A95DD3417CE934B00774D60 /* PFKSettings@2x.png in Resources */ = {isa = PBXBuildFile; fileRef = 4A95DD3017CE934B00774D60 /* PFKSettings@2x.png */; };
		4A95DD3A17CE9E3C00774D60 /* overlay.png in Resources */ = {isa = PBXBuildFile; fileRef = 4A95DD3917CE9E3C00774D60 /* overlay.png */; };
		4A95DD3C17CE9ED900774D60 /* overlay@2x.png in Resources */ = {isa = PBXBuildFile; fileRef = 4A95DD3B17CE9ED900774D60 /* overlay@2x.png */; };
		4A95DD3E17CEAAE500774D60 /* overlay-504h@2x.png in Resources */ = {isa = PBXBuildFile; fileRef = 4A95DD3D17CEAAE500774D60 /* overlay-504h@2x.png */; };
		4A95DD4117CED39100774D60 /* PFKWebViewController.m in Sources */ = {isa = PBXBuildFile; fileRef = 4A95DD4017CED39100774D60 /* PFKWebViewController.m */; };
		4A95DD4417CF109C00774D60 /* PikFlick-navbar-09.png in Resources */ = {isa = PBXBuildFile; fileRef = 4A95DD4217CF109C00774D60 /* PikFlick-navbar-09.png */; };
		4A95DD4517CF109C00774D60 /* PikFlick-navbar-09@2x.png in Resources */ = {isa = PBXBuildFile; fileRef = 4A95DD4317CF109C00774D60 /* PikFlick-navbar-09@2x.png */; };
		4AB5374617C6FFAE005CA37C /* libTestFlight.a in Frameworks */ = {isa = PBXBuildFile; fileRef = 4AB5374217C6FFAE005CA37C /* libTestFlight.a */; };
		4AB5374917C70018005CA37C /* libz.dylib in Frameworks */ = {isa = PBXBuildFile; fileRef = 4AB5374817C70018005CA37C /* libz.dylib */; };
		4AC0C92C17C9952E00714C28 /* SystemConfiguration.framework in Frameworks */ = {isa = PBXBuildFile; fileRef = 4AC0C92B17C9952E00714C28 /* SystemConfiguration.framework */; };
		4AC0C92F17C9954F00714C28 /* Reachability.m in Sources */ = {isa = PBXBuildFile; fileRef = 4AC0C92E17C9954F00714C28 /* Reachability.m */; };
		4AE9D02217CF911D0067E6EA /* buttonShare.png in Resources */ = {isa = PBXBuildFile; fileRef = 4AE9D02117CF911D0067E6EA /* buttonShare.png */; };
		4AE9D02517CF91ED0067E6EA /* PFKInfoViewController.m in Sources */ = {isa = PBXBuildFile; fileRef = 4AE9D02417CF91ED0067E6EA /* PFKInfoViewController.m */; };
		4AE9D02717CF921E0067E6EA /* buttonShare@2x.png in Resources */ = {isa = PBXBuildFile; fileRef = 4AE9D02617CF921E0067E6EA /* buttonShare@2x.png */; };
		4AE9D02917CF934B0067E6EA /* buttonNo.png in Resources */ = {isa = PBXBuildFile; fileRef = 4AE9D02817CF934B0067E6EA /* buttonNo.png */; };
		4AE9D02B17CF935C0067E6EA /* buttonYes.png in Resources */ = {isa = PBXBuildFile; fileRef = 4AE9D02A17CF935C0067E6EA /* buttonYes.png */; };
		4AE9D02D17CF93640067E6EA /* buttonNo@2x.png in Resources */ = {isa = PBXBuildFile; fileRef = 4AE9D02C17CF93640067E6EA /* buttonNo@2x.png */; };
		4AE9D02F17CF936C0067E6EA /* buttonYes@2x.png in Resources */ = {isa = PBXBuildFile; fileRef = 4AE9D02E17CF936C0067E6EA /* buttonYes@2x.png */; };
		4AE9D03117CF976E0067E6EA /* buttonInfo@2x.png in Resources */ = {isa = PBXBuildFile; fileRef = 4AE9D03017CF976E0067E6EA /* buttonInfo@2x.png */; };
		4AE9D03317CF97780067E6EA /* buttonInfo.png in Resources */ = {isa = PBXBuildFile; fileRef = 4AE9D03217CF97780067E6EA /* buttonInfo.png */; };
		4AE9D03617CFA9820067E6EA /* logoTMS@2x.png in Resources */ = {isa = PBXBuildFile; fileRef = 4AE9D03417CFA9820067E6EA /* logoTMS@2x.png */; };
		4AE9D03717CFA9820067E6EA /* logoTMS.png in Resources */ = {isa = PBXBuildFile; fileRef = 4AE9D03517CFA9820067E6EA /* logoTMS.png */; };
		4AE9D03A17CFB4C00067E6EA /* PFKInfoDetailViewController.m in Sources */ = {isa = PBXBuildFile; fileRef = 4AE9D03917CFB4C00067E6EA /* PFKInfoDetailViewController.m */; };
		4AF560A717C2FA0200BCF482 /* CoreLocation.framework in Frameworks */ = {isa = PBXBuildFile; fileRef = 4AF560A617C2FA0200BCF482 /* CoreLocation.framework */; };
		4AF560A917C3016C00BCF482 /* MapKit.framework in Frameworks */ = {isa = PBXBuildFile; fileRef = 4AF560A817C3016C00BCF482 /* MapKit.framework */; };
		4AF560AE17C3E8E800BCF482 /* PFMapViewController.m in Sources */ = {isa = PBXBuildFile; fileRef = 4AF560AD17C3E8E800BCF482 /* PFMapViewController.m */; };
		4AF560B117C4257900BCF482 /* Theater.m in Sources */ = {isa = PBXBuildFile; fileRef = 4AF560B017C4257900BCF482 /* Theater.m */; };
		4FC5AD8417C2838000E3E55D /* pfDetailViewController.m in Sources */ = {isa = PBXBuildFile; fileRef = 4FC5AD8317C2838000E3E55D /* pfDetailViewController.m */; };
		CF13A68217CA9CF200BB2958 /* green.jpg in Resources */ = {isa = PBXBuildFile; fileRef = CF13A67E17CA9CF200BB2958 /* green.jpg */; };
		CF13A68317CA9CF200BB2958 /* green@2x.jpg in Resources */ = {isa = PBXBuildFile; fileRef = CF13A67F17CA9CF200BB2958 /* green@2x.jpg */; };
		CF13A68417CA9CF200BB2958 /* grey.jpg in Resources */ = {isa = PBXBuildFile; fileRef = CF13A68017CA9CF200BB2958 /* grey.jpg */; };
		CF13A68517CA9CF200BB2958 /* grey@2x.jpg in Resources */ = {isa = PBXBuildFile; fileRef = CF13A68117CA9CF200BB2958 /* grey@2x.jpg */; };
		CF13A68B17CBDB3400BB2958 /* UserSettingsViewController.m in Sources */ = {isa = PBXBuildFile; fileRef = CF13A68A17CBDB3400BB2958 /* UserSettingsViewController.m */; };
		CF71DD6C17C6837B00531FF9 /* HomeViewController.m in Sources */ = {isa = PBXBuildFile; fileRef = CF71DD6B17C6837B00531FF9 /* HomeViewController.m */; };
		CF71DD6E17C7FC9100531FF9 /* Social.framework in Frameworks */ = {isa = PBXBuildFile; fileRef = CF71DD6D17C7FC9100531FF9 /* Social.framework */; };
		CF71DD7017C7FCFD00531FF9 /* Accounts.framework in Frameworks */ = {isa = PBXBuildFile; fileRef = CF71DD6F17C7FCFD00531FF9 /* Accounts.framework */; };
		CF71DD7217C80C3E00531FF9 /* MessageUI.framework in Frameworks */ = {isa = PBXBuildFile; fileRef = CF71DD7117C80C3E00531FF9 /* MessageUI.framework */; };
/* End PBXBuildFile section */

/* Begin PBXFileReference section */
		4A38767F17BBEB1300F95ECA /* PikFlick.app */ = {isa = PBXFileReference; explicitFileType = wrapper.application; includeInIndex = 0; path = PikFlick.app; sourceTree = BUILT_PRODUCTS_DIR; };
		4A38768217BBEB1300F95ECA /* UIKit.framework */ = {isa = PBXFileReference; lastKnownFileType = wrapper.framework; name = UIKit.framework; path = System/Library/Frameworks/UIKit.framework; sourceTree = SDKROOT; };
		4A38768417BBEB1300F95ECA /* Foundation.framework */ = {isa = PBXFileReference; lastKnownFileType = wrapper.framework; name = Foundation.framework; path = System/Library/Frameworks/Foundation.framework; sourceTree = SDKROOT; };
		4A38768617BBEB1300F95ECA /* CoreGraphics.framework */ = {isa = PBXFileReference; lastKnownFileType = wrapper.framework; name = CoreGraphics.framework; path = System/Library/Frameworks/CoreGraphics.framework; sourceTree = SDKROOT; };
		4A38768A17BBEB1300F95ECA /* PikFlick-Info.plist */ = {isa = PBXFileReference; lastKnownFileType = text.plist.xml; path = "PikFlick-Info.plist"; sourceTree = "<group>"; };
		4A38768C17BBEB1300F95ECA /* en */ = {isa = PBXFileReference; lastKnownFileType = text.plist.strings; name = en; path = en.lproj/InfoPlist.strings; sourceTree = "<group>"; };
		4A38768E17BBEB1300F95ECA /* main.m */ = {isa = PBXFileReference; lastKnownFileType = sourcecode.c.objc; path = main.m; sourceTree = "<group>"; };
		4A38769017BBEB1300F95ECA /* PikFlick-Prefix.pch */ = {isa = PBXFileReference; lastKnownFileType = sourcecode.c.h; path = "PikFlick-Prefix.pch"; sourceTree = "<group>"; };
		4A38769117BBEB1300F95ECA /* AppDelegate.h */ = {isa = PBXFileReference; lastKnownFileType = sourcecode.c.h; path = AppDelegate.h; sourceTree = "<group>"; };
		4A38769217BBEB1300F95ECA /* AppDelegate.m */ = {isa = PBXFileReference; lastKnownFileType = sourcecode.c.objc; path = AppDelegate.m; sourceTree = "<group>"; };
		4A38769B17BBEB1300F95ECA /* en */ = {isa = PBXFileReference; lastKnownFileType = file.storyboard; name = en; path = en.lproj/MainStoryboard.storyboard; sourceTree = "<group>"; };
		4A38769D17BBEB1300F95ECA /* ViewController.h */ = {isa = PBXFileReference; lastKnownFileType = sourcecode.c.h; path = ViewController.h; sourceTree = "<group>"; };
		4A38769E17BBEB1300F95ECA /* ViewController.m */ = {isa = PBXFileReference; lastKnownFileType = sourcecode.c.objc; path = ViewController.m; sourceTree = "<group>"; };
		4A3876A917BC00B700F95ECA /* Movie.h */ = {isa = PBXFileReference; fileEncoding = 4; lastKnownFileType = sourcecode.c.h; path = Movie.h; sourceTree = "<group>"; };
		4A3876AA17BC00B700F95ECA /* Movie.m */ = {isa = PBXFileReference; fileEncoding = 4; lastKnownFileType = sourcecode.c.objc; path = Movie.m; sourceTree = "<group>"; };
		4A3876AC17BC444300F95ECA /* pfCustomCell.h */ = {isa = PBXFileReference; fileEncoding = 4; lastKnownFileType = sourcecode.c.h; path = pfCustomCell.h; sourceTree = "<group>"; };
		4A3876AD17BC444300F95ECA /* pfCustomCell.m */ = {isa = PBXFileReference; fileEncoding = 4; lastKnownFileType = sourcecode.c.objc; path = pfCustomCell.m; sourceTree = "<group>"; };
		4A3876AF17BC447800F95ECA /* QuartzCore.framework */ = {isa = PBXFileReference; lastKnownFileType = wrapper.framework; name = QuartzCore.framework; path = System/Library/Frameworks/QuartzCore.framework; sourceTree = SDKROOT; };
		4A66264817BDA96000F31785 /* pfDeleteMovieDelegate.h */ = {isa = PBXFileReference; lastKnownFileType = sourcecode.c.h; path = pfDeleteMovieDelegate.h; sourceTree = "<group>"; };
		4A95DD0A17CD4EF400774D60 /* Default-568h@2x.png */ = {isa = PBXFileReference; lastKnownFileType = image.png; path = "Default-568h@2x.png"; sourceTree = "<group>"; };
		4A95DD0B17CD4EF400774D60 /* Default.png */ = {isa = PBXFileReference; lastKnownFileType = image.png; path = Default.png; sourceTree = "<group>"; };
		4A95DD0C17CD4EF400774D60 /* Default@2x.png */ = {isa = PBXFileReference; lastKnownFileType = image.png; path = "Default@2x.png"; sourceTree = "<group>"; };
		4A95DD0D17CD4EF400774D60 /* icon.png */ = {isa = PBXFileReference; lastKnownFileType = image.png; path = icon.png; sourceTree = "<group>"; };
		4A95DD0E17CD4EF400774D60 /* icon@2x.png */ = {isa = PBXFileReference; lastKnownFileType = image.png; path = "icon@2x.png"; sourceTree = "<group>"; };
		4A95DD0F17CD4EF400774D60 /* pikflick-icons-Appstore.png */ = {isa = PBXFileReference; lastKnownFileType = image.png; path = "pikflick-icons-Appstore.png"; sourceTree = "<group>"; };
		4A95DD1017CD4EF400774D60 /* pikflick-icons-Appstore@2x.png */ = {isa = PBXFileReference; lastKnownFileType = image.png; path = "pikflick-icons-Appstore@2x.png"; sourceTree = "<group>"; };
		4A95DD1917CD5C9C00774D60 /* PikFlick-logo-18.png */ = {isa = PBXFileReference; lastKnownFileType = image.png; path = "PikFlick-logo-18.png"; sourceTree = "<group>"; };
		4A95DD1A17CD5C9C00774D60 /* PikFlick-logo-18@2x.png */ = {isa = PBXFileReference; lastKnownFileType = image.png; path = "PikFlick-logo-18@2x.png"; sourceTree = "<group>"; };
		4A95DD1B17CD5C9C00774D60 /* PikFlick-logo-19.png */ = {isa = PBXFileReference; lastKnownFileType = image.png; path = "PikFlick-logo-19.png"; sourceTree = "<group>"; };
		4A95DD1C17CD5C9C00774D60 /* PikFlick-logo-19@2x.png */ = {isa = PBXFileReference; lastKnownFileType = image.png; path = "PikFlick-logo-19@2x.png"; sourceTree = "<group>"; };
		4A95DD2517CD5EFE00774D60 /* PFKNavigationController.h */ = {isa = PBXFileReference; fileEncoding = 4; lastKnownFileType = sourcecode.c.h; path = PFKNavigationController.h; sourceTree = "<group>"; };
		4A95DD2617CD5EFE00774D60 /* PFKNavigationController.m */ = {isa = PBXFileReference; fileEncoding = 4; lastKnownFileType = sourcecode.c.objc; path = PFKNavigationController.m; sourceTree = "<group>"; };
		4A95DD2D17CE934B00774D60 /* PFKNavBar.png */ = {isa = PBXFileReference; lastKnownFileType = image.png; path = PFKNavBar.png; sourceTree = "<group>"; };
		4A95DD2E17CE934B00774D60 /* PFKNavBar@2x.png */ = {isa = PBXFileReference; lastKnownFileType = image.png; path = "PFKNavBar@2x.png"; sourceTree = "<group>"; };
		4A95DD2F17CE934B00774D60 /* PFKSettings.png */ = {isa = PBXFileReference; lastKnownFileType = image.png; path = PFKSettings.png; sourceTree = "<group>"; };
		4A95DD3017CE934B00774D60 /* PFKSettings@2x.png */ = {isa = PBXFileReference; lastKnownFileType = image.png; path = "PFKSettings@2x.png"; sourceTree = "<group>"; };
		4A95DD3917CE9E3C00774D60 /* overlay.png */ = {isa = PBXFileReference; lastKnownFileType = image.png; path = overlay.png; sourceTree = "<group>"; };
		4A95DD3B17CE9ED900774D60 /* overlay@2x.png */ = {isa = PBXFileReference; lastKnownFileType = image.png; path = "overlay@2x.png"; sourceTree = "<group>"; };
		4A95DD3D17CEAAE500774D60 /* overlay-504h@2x.png */ = {isa = PBXFileReference; lastKnownFileType = image.png; path = "overlay-504h@2x.png"; sourceTree = "<group>"; };
		4A95DD3F17CED39100774D60 /* PFKWebViewController.h */ = {isa = PBXFileReference; fileEncoding = 4; lastKnownFileType = sourcecode.c.h; path = PFKWebViewController.h; sourceTree = "<group>"; };
		4A95DD4017CED39100774D60 /* PFKWebViewController.m */ = {isa = PBXFileReference; fileEncoding = 4; lastKnownFileType = sourcecode.c.objc; path = PFKWebViewController.m; sourceTree = "<group>"; };
		4A95DD4217CF109C00774D60 /* PikFlick-navbar-09.png */ = {isa = PBXFileReference; lastKnownFileType = image.png; path = "PikFlick-navbar-09.png"; sourceTree = "<group>"; };
		4A95DD4317CF109C00774D60 /* PikFlick-navbar-09@2x.png */ = {isa = PBXFileReference; lastKnownFileType = image.png; path = "PikFlick-navbar-09@2x.png"; sourceTree = "<group>"; };
		4AB5374217C6FFAE005CA37C /* libTestFlight.a */ = {isa = PBXFileReference; lastKnownFileType = archive.ar; name = libTestFlight.a; path = PikFlick/libTestFlight.a; sourceTree = "<group>"; };
		4AB5374317C6FFAE005CA37C /* TestFlight.h */ = {isa = PBXFileReference; fileEncoding = 4; lastKnownFileType = sourcecode.c.h; path = TestFlight.h; sourceTree = "<group>"; };
		4AB5374417C6FFAE005CA37C /* TestFlight+AsyncLogging.h */ = {isa = PBXFileReference; fileEncoding = 4; lastKnownFileType = sourcecode.c.h; path = "TestFlight+AsyncLogging.h"; sourceTree = "<group>"; };
		4AB5374517C6FFAE005CA37C /* TestFlight+ManualSessions.h */ = {isa = PBXFileReference; fileEncoding = 4; lastKnownFileType = sourcecode.c.h; path = "TestFlight+ManualSessions.h"; sourceTree = "<group>"; };
		4AB5374817C70018005CA37C /* libz.dylib */ = {isa = PBXFileReference; lastKnownFileType = "compiled.mach-o.dylib"; name = libz.dylib; path = usr/lib/libz.dylib; sourceTree = SDKROOT; };
		4AC0C92B17C9952E00714C28 /* SystemConfiguration.framework */ = {isa = PBXFileReference; lastKnownFileType = wrapper.framework; name = SystemConfiguration.framework; path = System/Library/Frameworks/SystemConfiguration.framework; sourceTree = SDKROOT; };
		4AC0C92D17C9954F00714C28 /* Reachability.h */ = {isa = PBXFileReference; fileEncoding = 4; lastKnownFileType = sourcecode.c.h; path = Reachability.h; sourceTree = "<group>"; };
		4AC0C92E17C9954F00714C28 /* Reachability.m */ = {isa = PBXFileReference; fileEncoding = 4; lastKnownFileType = sourcecode.c.objc; path = Reachability.m; sourceTree = "<group>"; };
		4AE9D02117CF911D0067E6EA /* buttonShare.png */ = {isa = PBXFileReference; lastKnownFileType = image.png; path = buttonShare.png; sourceTree = "<group>"; };
		4AE9D02317CF91ED0067E6EA /* PFKInfoViewController.h */ = {isa = PBXFileReference; fileEncoding = 4; lastKnownFileType = sourcecode.c.h; path = PFKInfoViewController.h; sourceTree = "<group>"; };
		4AE9D02417CF91ED0067E6EA /* PFKInfoViewController.m */ = {isa = PBXFileReference; fileEncoding = 4; lastKnownFileType = sourcecode.c.objc; path = PFKInfoViewController.m; sourceTree = "<group>"; };
		4AE9D02617CF921E0067E6EA /* buttonShare@2x.png */ = {isa = PBXFileReference; lastKnownFileType = image.png; path = "buttonShare@2x.png"; sourceTree = "<group>"; };
		4AE9D02817CF934B0067E6EA /* buttonNo.png */ = {isa = PBXFileReference; lastKnownFileType = image.png; path = buttonNo.png; sourceTree = "<group>"; };
		4AE9D02A17CF935C0067E6EA /* buttonYes.png */ = {isa = PBXFileReference; lastKnownFileType = image.png; path = buttonYes.png; sourceTree = "<group>"; };
		4AE9D02C17CF93640067E6EA /* buttonNo@2x.png */ = {isa = PBXFileReference; lastKnownFileType = image.png; path = "buttonNo@2x.png"; sourceTree = "<group>"; };
		4AE9D02E17CF936C0067E6EA /* buttonYes@2x.png */ = {isa = PBXFileReference; lastKnownFileType = image.png; path = "buttonYes@2x.png"; sourceTree = "<group>"; };
		4AE9D03017CF976E0067E6EA /* buttonInfo@2x.png */ = {isa = PBXFileReference; lastKnownFileType = image.png; path = "buttonInfo@2x.png"; sourceTree = "<group>"; };
		4AE9D03217CF97780067E6EA /* buttonInfo.png */ = {isa = PBXFileReference; lastKnownFileType = image.png; path = buttonInfo.png; sourceTree = "<group>"; };
		4AE9D03417CFA9820067E6EA /* logoTMS@2x.png */ = {isa = PBXFileReference; lastKnownFileType = image.png; path = "logoTMS@2x.png"; sourceTree = "<group>"; };
		4AE9D03517CFA9820067E6EA /* logoTMS.png */ = {isa = PBXFileReference; lastKnownFileType = image.png; path = logoTMS.png; sourceTree = "<group>"; };
		4AE9D03817CFB4C00067E6EA /* PFKInfoDetailViewController.h */ = {isa = PBXFileReference; fileEncoding = 4; lastKnownFileType = sourcecode.c.h; path = PFKInfoDetailViewController.h; sourceTree = "<group>"; };
		4AE9D03917CFB4C00067E6EA /* PFKInfoDetailViewController.m */ = {isa = PBXFileReference; fileEncoding = 4; lastKnownFileType = sourcecode.c.objc; path = PFKInfoDetailViewController.m; sourceTree = "<group>"; };
		4AF560A617C2FA0200BCF482 /* CoreLocation.framework */ = {isa = PBXFileReference; lastKnownFileType = wrapper.framework; name = CoreLocation.framework; path = System/Library/Frameworks/CoreLocation.framework; sourceTree = SDKROOT; };
		4AF560A817C3016C00BCF482 /* MapKit.framework */ = {isa = PBXFileReference; lastKnownFileType = wrapper.framework; name = MapKit.framework; path = System/Library/Frameworks/MapKit.framework; sourceTree = SDKROOT; };
		4AF560AA17C30D4E00BCF482 /* Constants.h */ = {isa = PBXFileReference; lastKnownFileType = sourcecode.c.h; path = Constants.h; sourceTree = "<group>"; };
		4AF560AC17C3E8E800BCF482 /* PFMapViewController.h */ = {isa = PBXFileReference; fileEncoding = 4; lastKnownFileType = sourcecode.c.h; path = PFMapViewController.h; sourceTree = "<group>"; };
		4AF560AD17C3E8E800BCF482 /* PFMapViewController.m */ = {isa = PBXFileReference; fileEncoding = 4; lastKnownFileType = sourcecode.c.objc; path = PFMapViewController.m; sourceTree = "<group>"; };
		4AF560AF17C4257900BCF482 /* Theater.h */ = {isa = PBXFileReference; fileEncoding = 4; lastKnownFileType = sourcecode.c.h; path = Theater.h; sourceTree = "<group>"; };
		4AF560B017C4257900BCF482 /* Theater.m */ = {isa = PBXFileReference; fileEncoding = 4; lastKnownFileType = sourcecode.c.objc; path = Theater.m; sourceTree = "<group>"; };
		4FC5AD8217C2838000E3E55D /* pfDetailViewController.h */ = {isa = PBXFileReference; fileEncoding = 4; lastKnownFileType = sourcecode.c.h; path = pfDetailViewController.h; sourceTree = "<group>"; };
		4FC5AD8317C2838000E3E55D /* pfDetailViewController.m */ = {isa = PBXFileReference; fileEncoding = 4; lastKnownFileType = sourcecode.c.objc; path = pfDetailViewController.m; sourceTree = "<group>"; };
		CF13A67E17CA9CF200BB2958 /* green.jpg */ = {isa = PBXFileReference; lastKnownFileType = image.jpeg; path = green.jpg; sourceTree = "<group>"; };
		CF13A67F17CA9CF200BB2958 /* green@2x.jpg */ = {isa = PBXFileReference; lastKnownFileType = image.jpeg; path = "green@2x.jpg"; sourceTree = "<group>"; };
		CF13A68017CA9CF200BB2958 /* grey.jpg */ = {isa = PBXFileReference; lastKnownFileType = image.jpeg; path = grey.jpg; sourceTree = "<group>"; };
		CF13A68117CA9CF200BB2958 /* grey@2x.jpg */ = {isa = PBXFileReference; lastKnownFileType = image.jpeg; path = "grey@2x.jpg"; sourceTree = "<group>"; };
		CF13A68917CBDB3400BB2958 /* UserSettingsViewController.h */ = {isa = PBXFileReference; fileEncoding = 4; lastKnownFileType = sourcecode.c.h; path = UserSettingsViewController.h; sourceTree = "<group>"; };
		CF13A68A17CBDB3400BB2958 /* UserSettingsViewController.m */ = {isa = PBXFileReference; fileEncoding = 4; lastKnownFileType = sourcecode.c.objc; path = UserSettingsViewController.m; sourceTree = "<group>"; };
		CF71DD6A17C6837B00531FF9 /* HomeViewController.h */ = {isa = PBXFileReference; fileEncoding = 4; lastKnownFileType = sourcecode.c.h; path = HomeViewController.h; sourceTree = "<group>"; };
		CF71DD6B17C6837B00531FF9 /* HomeViewController.m */ = {isa = PBXFileReference; fileEncoding = 4; lastKnownFileType = sourcecode.c.objc; path = HomeViewController.m; sourceTree = "<group>"; };
		CF71DD6D17C7FC9100531FF9 /* Social.framework */ = {isa = PBXFileReference; lastKnownFileType = wrapper.framework; name = Social.framework; path = System/Library/Frameworks/Social.framework; sourceTree = SDKROOT; };
		CF71DD6F17C7FCFD00531FF9 /* Accounts.framework */ = {isa = PBXFileReference; lastKnownFileType = wrapper.framework; name = Accounts.framework; path = System/Library/Frameworks/Accounts.framework; sourceTree = SDKROOT; };
		CF71DD7117C80C3E00531FF9 /* MessageUI.framework */ = {isa = PBXFileReference; lastKnownFileType = wrapper.framework; name = MessageUI.framework; path = System/Library/Frameworks/MessageUI.framework; sourceTree = SDKROOT; };
/* End PBXFileReference section */

/* Begin PBXFrameworksBuildPhase section */
		4A38767C17BBEB1300F95ECA /* Frameworks */ = {
			isa = PBXFrameworksBuildPhase;
			buildActionMask = 2147483647;
			files = (
				CF71DD7217C80C3E00531FF9 /* MessageUI.framework in Frameworks */,
				CF71DD7017C7FCFD00531FF9 /* Accounts.framework in Frameworks */,
				CF71DD6E17C7FC9100531FF9 /* Social.framework in Frameworks */,
				4AC0C92C17C9952E00714C28 /* SystemConfiguration.framework in Frameworks */,
				4AB5374917C70018005CA37C /* libz.dylib in Frameworks */,
				4AF560A917C3016C00BCF482 /* MapKit.framework in Frameworks */,
				4AF560A717C2FA0200BCF482 /* CoreLocation.framework in Frameworks */,
				4A3876B017BC447800F95ECA /* QuartzCore.framework in Frameworks */,
				4A38768317BBEB1300F95ECA /* UIKit.framework in Frameworks */,
				4A38768517BBEB1300F95ECA /* Foundation.framework in Frameworks */,
				4A38768717BBEB1300F95ECA /* CoreGraphics.framework in Frameworks */,
				4AB5374617C6FFAE005CA37C /* libTestFlight.a in Frameworks */,
			);
			runOnlyForDeploymentPostprocessing = 0;
		};
/* End PBXFrameworksBuildPhase section */

/* Begin PBXGroup section */
		4A38767617BBEB1300F95ECA = {
			isa = PBXGroup;
			children = (
				4A38768817BBEB1300F95ECA /* PikFlick */,
				4A38768117BBEB1300F95ECA /* Frameworks */,
				4AC0C93017C9955400714C28 /* Reachability */,
				4AB5374717C6FFBE005CA37C /* TestFlight */,
				4A38768017BBEB1300F95ECA /* Products */,
			);
			sourceTree = "<group>";
		};
		4A38768017BBEB1300F95ECA /* Products */ = {
			isa = PBXGroup;
			children = (
				4A38767F17BBEB1300F95ECA /* PikFlick.app */,
			);
			name = Products;
			sourceTree = "<group>";
		};
		4A38768117BBEB1300F95ECA /* Frameworks */ = {
			isa = PBXGroup;
			children = (
				CF71DD7117C80C3E00531FF9 /* MessageUI.framework */,
				CF71DD6F17C7FCFD00531FF9 /* Accounts.framework */,
				CF71DD6D17C7FC9100531FF9 /* Social.framework */,
				4AC0C92B17C9952E00714C28 /* SystemConfiguration.framework */,
				4AB5374217C6FFAE005CA37C /* libTestFlight.a */,
				4AB5374817C70018005CA37C /* libz.dylib */,
				4A38768617BBEB1300F95ECA /* CoreGraphics.framework */,
				4AF560A617C2FA0200BCF482 /* CoreLocation.framework */,
				4A38768417BBEB1300F95ECA /* Foundation.framework */,
				4AF560A817C3016C00BCF482 /* MapKit.framework */,
				4A3876AF17BC447800F95ECA /* QuartzCore.framework */,
				4A38768217BBEB1300F95ECA /* UIKit.framework */,
			);
			name = Frameworks;
			sourceTree = "<group>";
		};
		4A38768817BBEB1300F95ECA /* PikFlick */ = {
			isa = PBXGroup;
			children = (
				4A38769117BBEB1300F95ECA /* AppDelegate.h */,
				4A38769217BBEB1300F95ECA /* AppDelegate.m */,
				4A38769A17BBEB1300F95ECA /* MainStoryboard.storyboard */,
				4A66264917BDAA2500F31785 /* Delegates */,
				4A38771717BDA4D700F95ECA /* Classes */,
				4A38771817BDA4E800F95ECA /* Controllers */,
				4A38768917BBEB1300F95ECA /* Supporting Files */,
			);
			path = PikFlick;
			sourceTree = "<group>";
		};
		4A38768917BBEB1300F95ECA /* Supporting Files */ = {
			isa = PBXGroup;
			children = (
				4A95DD2C17CE932800774D60 /* Images */,
				4A95DD1817CD5C8800774D60 /* Logos */,
				4A95DD0917CD4EF400774D60 /* Icons */,
				CF13A67E17CA9CF200BB2958 /* green.jpg */,
				CF13A67F17CA9CF200BB2958 /* green@2x.jpg */,
				CF13A68017CA9CF200BB2958 /* grey.jpg */,
				CF13A68117CA9CF200BB2958 /* grey@2x.jpg */,
				4A38768A17BBEB1300F95ECA /* PikFlick-Info.plist */,
				4A38768B17BBEB1300F95ECA /* InfoPlist.strings */,
				4A38768E17BBEB1300F95ECA /* main.m */,
				4A38769017BBEB1300F95ECA /* PikFlick-Prefix.pch */,
			);
			name = "Supporting Files";
			sourceTree = "<group>";
		};
		4A38771717BDA4D700F95ECA /* Classes */ = {
			isa = PBXGroup;
			children = (
				4A3876A917BC00B700F95ECA /* Movie.h */,
				4A3876AA17BC00B700F95ECA /* Movie.m */,
				4AF560AF17C4257900BCF482 /* Theater.h */,
				4AF560B017C4257900BCF482 /* Theater.m */,
				4AF560AA17C30D4E00BCF482 /* Constants.h */,
			);
			name = Classes;
			sourceTree = "<group>";
		};
		4A38771817BDA4E800F95ECA /* Controllers */ = {
			isa = PBXGroup;
			children = (
				4A95DD2517CD5EFE00774D60 /* PFKNavigationController.h */,
				4A95DD2617CD5EFE00774D60 /* PFKNavigationController.m */,
				CF71DD6A17C6837B00531FF9 /* HomeViewController.h */,
				CF71DD6B17C6837B00531FF9 /* HomeViewController.m */,
				4A38769D17BBEB1300F95ECA /* ViewController.h */,
				4A38769E17BBEB1300F95ECA /* ViewController.m */,
				4FC5AD8217C2838000E3E55D /* pfDetailViewController.h */,
				4FC5AD8317C2838000E3E55D /* pfDetailViewController.m */,
				4AF560AC17C3E8E800BCF482 /* PFMapViewController.h */,
				4AF560AD17C3E8E800BCF482 /* PFMapViewController.m */,
				4A95DD3F17CED39100774D60 /* PFKWebViewController.h */,
				4A95DD4017CED39100774D60 /* PFKWebViewController.m */,
				CF13A68917CBDB3400BB2958 /* UserSettingsViewController.h */,
				CF13A68A17CBDB3400BB2958 /* UserSettingsViewController.m */,
				4AE9D02317CF91ED0067E6EA /* PFKInfoViewController.h */,
				4AE9D02417CF91ED0067E6EA /* PFKInfoViewController.m */,
				4AE9D03817CFB4C00067E6EA /* PFKInfoDetailViewController.h */,
				4AE9D03917CFB4C00067E6EA /* PFKInfoDetailViewController.m */,
				4A3876AC17BC444300F95ECA /* pfCustomCell.h */,
				4A3876AD17BC444300F95ECA /* pfCustomCell.m */,
				4AF560AB17C3D2AF00BCF482 /* Archive */,
			);
			name = Controllers;
			sourceTree = "<group>";
		};
		4A66264917BDAA2500F31785 /* Delegates */ = {
			isa = PBXGroup;
			children = (
				4A66264817BDA96000F31785 /* pfDeleteMovieDelegate.h */,
			);
			name = Delegates;
			sourceTree = "<group>";
		};
		4A95DD0917CD4EF400774D60 /* Icons */ = {
			isa = PBXGroup;
			children = (
				4A95DD0A17CD4EF400774D60 /* Default-568h@2x.png */,
				4A95DD0B17CD4EF400774D60 /* Default.png */,
				4A95DD0C17CD4EF400774D60 /* Default@2x.png */,
				4A95DD0D17CD4EF400774D60 /* icon.png */,
				4A95DD0E17CD4EF400774D60 /* icon@2x.png */,
				4A95DD0F17CD4EF400774D60 /* pikflick-icons-Appstore.png */,
				4A95DD1017CD4EF400774D60 /* pikflick-icons-Appstore@2x.png */,
			);
			path = Icons;
			sourceTree = "<group>";
		};
		4A95DD1817CD5C8800774D60 /* Logos */ = {
			isa = PBXGroup;
			children = (
				4AE9D03417CFA9820067E6EA /* logoTMS@2x.png */,
				4AE9D03517CFA9820067E6EA /* logoTMS.png */,
				4A95DD4217CF109C00774D60 /* PikFlick-navbar-09.png */,
				4A95DD4317CF109C00774D60 /* PikFlick-navbar-09@2x.png */,
				4A95DD1917CD5C9C00774D60 /* PikFlick-logo-18.png */,
				4A95DD1A17CD5C9C00774D60 /* PikFlick-logo-18@2x.png */,
				4A95DD1B17CD5C9C00774D60 /* PikFlick-logo-19.png */,
				4A95DD1C17CD5C9C00774D60 /* PikFlick-logo-19@2x.png */,
			);
			name = Logos;
			sourceTree = "<group>";
		};
		4A95DD2C17CE932800774D60 /* Images */ = {
			isa = PBXGroup;
			children = (
				4AE9D03217CF97780067E6EA /* buttonInfo.png */,
				4AE9D03017CF976E0067E6EA /* buttonInfo@2x.png */,
				4AE9D02A17CF935C0067E6EA /* buttonYes.png */,
				4AE9D02E17CF936C0067E6EA /* buttonYes@2x.png */,
				4AE9D02817CF934B0067E6EA /* buttonNo.png */,
				4AE9D02C17CF93640067E6EA /* buttonNo@2x.png */,
				4AE9D02117CF911D0067E6EA /* buttonShare.png */,
				4AE9D02617CF921E0067E6EA /* buttonShare@2x.png */,
				4A95DD3D17CEAAE500774D60 /* overlay-504h@2x.png */,
				4A95DD3B17CE9ED900774D60 /* overlay@2x.png */,
				4A95DD2D17CE934B00774D60 /* PFKNavBar.png */,
				4A95DD2E17CE934B00774D60 /* PFKNavBar@2x.png */,
				4A95DD2F17CE934B00774D60 /* PFKSettings.png */,
				4A95DD3017CE934B00774D60 /* PFKSettings@2x.png */,
				4A95DD3917CE9E3C00774D60 /* overlay.png */,
			);
			name = Images;
			sourceTree = "<group>";
		};
		4AB5374717C6FFBE005CA37C /* TestFlight */ = {
			isa = PBXGroup;
			children = (
				4AB5374317C6FFAE005CA37C /* TestFlight.h */,
				4AB5374417C6FFAE005CA37C /* TestFlight+AsyncLogging.h */,
				4AB5374517C6FFAE005CA37C /* TestFlight+ManualSessions.h */,
			);
			name = TestFlight;
			path = PikFlick;
			sourceTree = "<group>";
		};
		4AC0C93017C9955400714C28 /* Reachability */ = {
			isa = PBXGroup;
			children = (
				4AC0C92D17C9954F00714C28 /* Reachability.h */,
				4AC0C92E17C9954F00714C28 /* Reachability.m */,
			);
			name = Reachability;
			path = PikFlick;
			sourceTree = "<group>";
		};
		4AF560AB17C3D2AF00BCF482 /* Archive */ = {
			isa = PBXGroup;
			children = (
			);
			name = Archive;
			sourceTree = "<group>";
		};
/* End PBXGroup section */

/* Begin PBXNativeTarget section */
		4A38767E17BBEB1300F95ECA /* PikFlick */ = {
			isa = PBXNativeTarget;
			buildConfigurationList = 4A3876A217BBEB1300F95ECA /* Build configuration list for PBXNativeTarget "PikFlick" */;
			buildPhases = (
				4A38767B17BBEB1300F95ECA /* Sources */,
				4A38767C17BBEB1300F95ECA /* Frameworks */,
				4A38767D17BBEB1300F95ECA /* Resources */,
			);
			buildRules = (
			);
			dependencies = (
			);
			name = PikFlick;
			productName = PikFlick;
			productReference = 4A38767F17BBEB1300F95ECA /* PikFlick.app */;
			productType = "com.apple.product-type.application";
		};
/* End PBXNativeTarget section */

/* Begin PBXProject section */
		4A38767717BBEB1300F95ECA /* Project object */ = {
			isa = PBXProject;
			attributes = {
				LastUpgradeCheck = 0460;
				ORGANIZATIONNAME = "Brad Woodard";
			};
			buildConfigurationList = 4A38767A17BBEB1300F95ECA /* Build configuration list for PBXProject "PikFlick" */;
			compatibilityVersion = "Xcode 3.2";
			developmentRegion = English;
			hasScannedForEncodings = 0;
			knownRegions = (
				en,
			);
			mainGroup = 4A38767617BBEB1300F95ECA;
			productRefGroup = 4A38768017BBEB1300F95ECA /* Products */;
			projectDirPath = "";
			projectRoot = "";
			targets = (
				4A38767E17BBEB1300F95ECA /* PikFlick */,
			);
		};
/* End PBXProject section */

/* Begin PBXResourcesBuildPhase section */
		4A38767D17BBEB1300F95ECA /* Resources */ = {
			isa = PBXResourcesBuildPhase;
			buildActionMask = 2147483647;
			files = (
				4A38768D17BBEB1300F95ECA /* InfoPlist.strings in Resources */,
				4A38769C17BBEB1300F95ECA /* MainStoryboard.storyboard in Resources */,
				CF13A68217CA9CF200BB2958 /* green.jpg in Resources */,
				CF13A68317CA9CF200BB2958 /* green@2x.jpg in Resources */,
				CF13A68417CA9CF200BB2958 /* grey.jpg in Resources */,
				CF13A68517CA9CF200BB2958 /* grey@2x.jpg in Resources */,
				4A95DD1117CD4EF400774D60 /* Default-568h@2x.png in Resources */,
				4A95DD1217CD4EF400774D60 /* Default.png in Resources */,
				4A95DD1317CD4EF400774D60 /* Default@2x.png in Resources */,
				4A95DD1417CD4EF400774D60 /* icon.png in Resources */,
				4A95DD1517CD4EF400774D60 /* icon@2x.png in Resources */,
				4A95DD1617CD4EF400774D60 /* pikflick-icons-Appstore.png in Resources */,
				4A95DD1717CD4EF400774D60 /* pikflick-icons-Appstore@2x.png in Resources */,
				4A95DD1D17CD5C9C00774D60 /* PikFlick-logo-18.png in Resources */,
				4A95DD1E17CD5C9C00774D60 /* PikFlick-logo-18@2x.png in Resources */,
				4A95DD1F17CD5C9C00774D60 /* PikFlick-logo-19.png in Resources */,
				4A95DD2017CD5C9C00774D60 /* PikFlick-logo-19@2x.png in Resources */,
				4A95DD3117CE934B00774D60 /* PFKNavBar.png in Resources */,
				4A95DD3217CE934B00774D60 /* PFKNavBar@2x.png in Resources */,
				4A95DD3317CE934B00774D60 /* PFKSettings.png in Resources */,
				4A95DD3417CE934B00774D60 /* PFKSettings@2x.png in Resources */,
				4A95DD3A17CE9E3C00774D60 /* overlay.png in Resources */,
				4A95DD3C17CE9ED900774D60 /* overlay@2x.png in Resources */,
				4A95DD3E17CEAAE500774D60 /* overlay-504h@2x.png in Resources */,
				4A95DD4417CF109C00774D60 /* PikFlick-navbar-09.png in Resources */,
				4A95DD4517CF109C00774D60 /* PikFlick-navbar-09@2x.png in Resources */,
				4AE9D02217CF911D0067E6EA /* buttonShare.png in Resources */,
				4AE9D02717CF921E0067E6EA /* buttonShare@2x.png in Resources */,
				4AE9D02917CF934B0067E6EA /* buttonNo.png in Resources */,
				4AE9D02B17CF935C0067E6EA /* buttonYes.png in Resources */,
				4AE9D02D17CF93640067E6EA /* buttonNo@2x.png in Resources */,
				4AE9D02F17CF936C0067E6EA /* buttonYes@2x.png in Resources */,
				4AE9D03117CF976E0067E6EA /* buttonInfo@2x.png in Resources */,
				4AE9D03317CF97780067E6EA /* buttonInfo.png in Resources */,
				4AE9D03617CFA9820067E6EA /* logoTMS@2x.png in Resources */,
				4AE9D03717CFA9820067E6EA /* logoTMS.png in Resources */,
			);
			runOnlyForDeploymentPostprocessing = 0;
		};
/* End PBXResourcesBuildPhase section */

/* Begin PBXSourcesBuildPhase section */
		4A38767B17BBEB1300F95ECA /* Sources */ = {
			isa = PBXSourcesBuildPhase;
			buildActionMask = 2147483647;
			files = (
				4A38768F17BBEB1300F95ECA /* main.m in Sources */,
				4A38769317BBEB1300F95ECA /* AppDelegate.m in Sources */,
				4A38769F17BBEB1300F95ECA /* ViewController.m in Sources */,
				4A3876AB17BC00B700F95ECA /* Movie.m in Sources */,
				4A3876AE17BC444300F95ECA /* pfCustomCell.m in Sources */,
				4FC5AD8417C2838000E3E55D /* pfDetailViewController.m in Sources */,
				4AF560AE17C3E8E800BCF482 /* PFMapViewController.m in Sources */,
				4AF560B117C4257900BCF482 /* Theater.m in Sources */,
				CF71DD6C17C6837B00531FF9 /* HomeViewController.m in Sources */,
				4AC0C92F17C9954F00714C28 /* Reachability.m in Sources */,
				CF13A68B17CBDB3400BB2958 /* UserSettingsViewController.m in Sources */,
				4A95DD2717CD5EFE00774D60 /* PFKNavigationController.m in Sources */,
				4A95DD4117CED39100774D60 /* PFKWebViewController.m in Sources */,
				4AE9D02517CF91ED0067E6EA /* PFKInfoViewController.m in Sources */,
				4AE9D03A17CFB4C00067E6EA /* PFKInfoDetailViewController.m in Sources */,
			);
			runOnlyForDeploymentPostprocessing = 0;
		};
/* End PBXSourcesBuildPhase section */

/* Begin PBXVariantGroup section */
		4A38768B17BBEB1300F95ECA /* InfoPlist.strings */ = {
			isa = PBXVariantGroup;
			children = (
				4A38768C17BBEB1300F95ECA /* en */,
			);
			name = InfoPlist.strings;
			sourceTree = "<group>";
		};
		4A38769A17BBEB1300F95ECA /* MainStoryboard.storyboard */ = {
			isa = PBXVariantGroup;
			children = (
				4A38769B17BBEB1300F95ECA /* en */,
			);
			name = MainStoryboard.storyboard;
			sourceTree = "<group>";
		};
/* End PBXVariantGroup section */

/* Begin XCBuildConfiguration section */
		4A3876A017BBEB1300F95ECA /* Debug */ = {
			isa = XCBuildConfiguration;
			buildSettings = {
				ALWAYS_SEARCH_USER_PATHS = NO;
				CLANG_CXX_LANGUAGE_STANDARD = "gnu++0x";
				CLANG_CXX_LIBRARY = "libc++";
				CLANG_ENABLE_OBJC_ARC = YES;
				CLANG_WARN_CONSTANT_CONVERSION = YES;
				CLANG_WARN_EMPTY_BODY = YES;
				CLANG_WARN_ENUM_CONVERSION = YES;
				CLANG_WARN_INT_CONVERSION = YES;
				CLANG_WARN__DUPLICATE_METHOD_MATCH = YES;
				"CODE_SIGN_IDENTITY[sdk=iphoneos*]" = "iPhone Developer";
				COPY_PHASE_STRIP = NO;
				GCC_C_LANGUAGE_STANDARD = gnu99;
				GCC_DYNAMIC_NO_PIC = NO;
				GCC_OPTIMIZATION_LEVEL = 0;
				GCC_PREPROCESSOR_DEFINITIONS = (
					"DEBUG=1",
					"$(inherited)",
				);
				GCC_SYMBOLS_PRIVATE_EXTERN = NO;
				GCC_WARN_ABOUT_RETURN_TYPE = YES;
				GCC_WARN_UNINITIALIZED_AUTOS = YES;
				GCC_WARN_UNUSED_VARIABLE = YES;
				IPHONEOS_DEPLOYMENT_TARGET = 6.1;
				ONLY_ACTIVE_ARCH = YES;
				SDKROOT = iphoneos;
			};
			name = Debug;
		};
		4A3876A117BBEB1300F95ECA /* Release */ = {
			isa = XCBuildConfiguration;
			buildSettings = {
				ALWAYS_SEARCH_USER_PATHS = NO;
				CLANG_CXX_LANGUAGE_STANDARD = "gnu++0x";
				CLANG_CXX_LIBRARY = "libc++";
				CLANG_ENABLE_OBJC_ARC = YES;
				CLANG_WARN_CONSTANT_CONVERSION = YES;
				CLANG_WARN_EMPTY_BODY = YES;
				CLANG_WARN_ENUM_CONVERSION = YES;
				CLANG_WARN_INT_CONVERSION = YES;
				CLANG_WARN__DUPLICATE_METHOD_MATCH = YES;
				"CODE_SIGN_IDENTITY[sdk=iphoneos*]" = "iPhone Developer";
				COPY_PHASE_STRIP = YES;
				GCC_C_LANGUAGE_STANDARD = gnu99;
				GCC_WARN_ABOUT_RETURN_TYPE = YES;
				GCC_WARN_UNINITIALIZED_AUTOS = YES;
				GCC_WARN_UNUSED_VARIABLE = YES;
				IPHONEOS_DEPLOYMENT_TARGET = 6.1;
				OTHER_CFLAGS = "-DNS_BLOCK_ASSERTIONS=1";
				SDKROOT = iphoneos;
				VALIDATE_PRODUCT = YES;
			};
			name = Release;
		};
		4A3876A317BBEB1300F95ECA /* Debug */ = {
			isa = XCBuildConfiguration;
			buildSettings = {
				CODE_SIGN_IDENTITY = "iPhone Developer";
				GCC_PRECOMPILE_PREFIX_HEADER = YES;
				GCC_PREFIX_HEADER = "PikFlick/PikFlick-Prefix.pch";
				INFOPLIST_FILE = "PikFlick/PikFlick-Info.plist";
				LIBRARY_SEARCH_PATHS = (
					"$(inherited)",
					"\"$(SRCROOT)/PikFlick\"",
				);
				PRODUCT_NAME = "$(TARGET_NAME)";
				PROVISIONING_PROFILE = "";
				WRAPPER_EXTENSION = app;
			};
			name = Debug;
		};
		4A3876A417BBEB1300F95ECA /* Release */ = {
			isa = XCBuildConfiguration;
			buildSettings = {
				CODE_SIGN_IDENTITY = "iPhone Developer";
				GCC_PRECOMPILE_PREFIX_HEADER = YES;
				GCC_PREFIX_HEADER = "PikFlick/PikFlick-Prefix.pch";
				INFOPLIST_FILE = "PikFlick/PikFlick-Info.plist";
				LIBRARY_SEARCH_PATHS = (
					"$(inherited)",
					"\"$(SRCROOT)/PikFlick\"",
				);
				PRODUCT_NAME = "$(TARGET_NAME)";
				PROVISIONING_PROFILE = "";
				WRAPPER_EXTENSION = app;
			};
			name = Release;
		};
/* End XCBuildConfiguration section */

/* Begin XCConfigurationList section */
		4A38767A17BBEB1300F95ECA /* Build configuration list for PBXProject "PikFlick" */ = {
			isa = XCConfigurationList;
			buildConfigurations = (
				4A3876A017BBEB1300F95ECA /* Debug */,
				4A3876A117BBEB1300F95ECA /* Release */,
			);
			defaultConfigurationIsVisible = 0;
			defaultConfigurationName = Release;
		};
		4A3876A217BBEB1300F95ECA /* Build configuration list for PBXNativeTarget "PikFlick" */ = {
			isa = XCConfigurationList;
			buildConfigurations = (
				4A3876A317BBEB1300F95ECA /* Debug */,
				4A3876A417BBEB1300F95ECA /* Release */,
			);
			defaultConfigurationIsVisible = 0;
			defaultConfigurationName = Release;
		};
/* End XCConfigurationList section */
	};
	rootObject = 4A38767717BBEB1300F95ECA /* Project object */;
}
